
Microsoft Visual Studio Solution File, Format Version 12.00
# Visual Studio Version 17
VisualStudioVersion = 17.5.002.0
MinimumVisualStudioVersion = 10.0.40219.1
Project("{9A19103F-16F7-4668-BE54-9A1E7A4F7556}") = "csharp", "csharp\csharp.csproj", "{F04B8D43-029A-497B-93F5-0DE0B41B1876}"
EndProject
Global
	GlobalSection(SolutionConfigurationPlatforms) = preSolution
		Debug|Any CPU = Debug|Any CPU
		Release|Any CPU = Release|Any CPU
	EndGlobalSection
	GlobalSection(ProjectConfigurationPlatforms) = postSolution
		{F04B8D43-029A-497B-93F5-0DE0B41B1876}.Debug|Any CPU.ActiveCfg = Debug|Any CPU
		{F04B8D43-029A-497B-93F5-0DE0B41B1876}.Debug|Any CPU.Build.0 = Debug|Any CPU
		{F04B8D43-029A-497B-93F5-0DE0B41B1876}.Release|Any CPU.ActiveCfg = Release|Any CPU
		{F04B8D43-029A-497B-93F5-0DE0B41B1876}.Release|Any CPU.Build.0 = Release|Any CPU
	EndGlobalSection
	GlobalSection(SolutionProperties) = preSolution
		HideSolutionNode = FALSE
	EndGlobalSection
	GlobalSection(ExtensibilityGlobals) = postSolution
		SolutionGuid = {0AF8B7A7-468A-4A09-9E00-FEACD230910C}
	EndGlobalSection
EndGlobal
